
Microsoft Visual Studio Solution File, Format Version 12.00
# Visual Studio Version 16
VisualStudioVersion = 16.0.33130.400
MinimumVisualStudioVersion = 10.0.40219.1
Project("{FAE04EC0-301F-11D3-BF4B-00C04F79EFBC}") = "WebTheFrist", "WebTheFrist\WebTheFrist.csproj", "{71CF0FD6-165B-4095-A01A-8777E43A0960}"
EndProject
Project("{FAE04EC0-301F-11D3-BF4B-00C04F79EFBC}") = "Lab02_CSDL_CoBan", "Lab02_CSDL_CoBan\Lab02_CSDL_CoBan.csproj", "{11B1A37B-7B31-4B54-8704-F6329BFA336A}"
EndProject
Project("{FAE04EC0-301F-11D3-BF4B-00C04F79EFBC}") = "WebQLDaoTao", "WebQLDaoTao\WebQLDaoTao.csproj", "{584BFFA8-90B7-4A6D-BDFE-6156BE820AB9}"
EndProject
Project("{FAE04EC0-301F-11D3-BF4B-00C04F79EFBC}") = "Lab06_WebBanHoa", "Lab06_WebBanHoa\Lab06_WebBanHoa.csproj", "{5222550B-66E7-45A7-A6BB-2807B7BD04C6}"
EndProject
Project("{FAE04EC0-301F-11D3-BF4B-00C04F79EFBC}") = "Lab07_BookStore", "Lab07_BookStore\Lab07_BookStore.csproj", "{13C8D327-B926-46CD-853F-7F6CD685CE2E}"
EndProject
Global
	GlobalSection(SolutionConfigurationPlatforms) = preSolution
		Debug|Any CPU = Debug|Any CPU
		Release|Any CPU = Release|Any CPU
	EndGlobalSection
	GlobalSection(ProjectConfigurationPlatforms) = postSolution
		{71CF0FD6-165B-4095-A01A-8777E43A0960}.Debug|Any CPU.ActiveCfg = Debug|Any CPU
		{71CF0FD6-165B-4095-A01A-8777E43A0960}.Debug|Any CPU.Build.0 = Debug|Any CPU
		{71CF0FD6-165B-4095-A01A-8777E43A0960}.Release|Any CPU.ActiveCfg = Release|Any CPU
		{71CF0FD6-165B-4095-A01A-8777E43A0960}.Release|Any CPU.Build.0 = Release|Any CPU
		{11B1A37B-7B31-4B54-8704-F6329BFA336A}.Debug|Any CPU.ActiveCfg = Debug|Any CPU
		{11B1A37B-7B31-4B54-8704-F6329BFA336A}.Debug|Any CPU.Build.0 = Debug|Any CPU
		{11B1A37B-7B31-4B54-8704-F6329BFA336A}.Release|Any CPU.ActiveCfg = Release|Any CPU
		{11B1A37B-7B31-4B54-8704-F6329BFA336A}.Release|Any CPU.Build.0 = Release|Any CPU
		{584BFFA8-90B7-4A6D-BDFE-6156BE820AB9}.Debug|Any CPU.ActiveCfg = Debug|Any CPU
		{584BFFA8-90B7-4A6D-BDFE-6156BE820AB9}.Debug|Any CPU.Build.0 = Debug|Any CPU
		{584BFFA8-90B7-4A6D-BDFE-6156BE820AB9}.Release|Any CPU.ActiveCfg = Release|Any CPU
		{584BFFA8-90B7-4A6D-BDFE-6156BE820AB9}.Release|Any CPU.Build.0 = Release|Any CPU
		{5222550B-66E7-45A7-A6BB-2807B7BD04C6}.Debug|Any CPU.ActiveCfg = Debug|Any CPU
		{5222550B-66E7-45A7-A6BB-2807B7BD04C6}.Debug|Any CPU.Build.0 = Debug|Any CPU
		{5222550B-66E7-45A7-A6BB-2807B7BD04C6}.Release|Any CPU.ActiveCfg = Release|Any CPU
		{5222550B-66E7-45A7-A6BB-2807B7BD04C6}.Release|Any CPU.Build.0 = Release|Any CPU
		{13C8D327-B926-46CD-853F-7F6CD685CE2E}.Debug|Any CPU.ActiveCfg = Debug|Any CPU
		{13C8D327-B926-46CD-853F-7F6CD685CE2E}.Debug|Any CPU.Build.0 = Debug|Any CPU
		{13C8D327-B926-46CD-853F-7F6CD685CE2E}.Release|Any CPU.ActiveCfg = Release|Any CPU
		{13C8D327-B926-46CD-853F-7F6CD685CE2E}.Release|Any CPU.Build.0 = Release|Any CPU
	EndGlobalSection
	GlobalSection(SolutionProperties) = preSolution
		HideSolutionNode = FALSE
	EndGlobalSection
	GlobalSection(ExtensibilityGlobals) = postSolution
		SolutionGuid = {D9AD6E55-CF90-4692-BAD4-B76640C3B32E}
	EndGlobalSection
EndGlobal
